
Microsoft Visual Studio Solution File, Format Version 12.00
# Visual Studio Version 17
VisualStudioVersion = 17.12.35527.113 d17.12
MinimumVisualStudioVersion = 10.0.40219.1
Project("{FAE04EC0-301F-11D3-BF4B-00C04F79EFBC}") = "StudentCourseAPI", "StudentCourseAPI\StudentCourseAPI.csproj", "{2CEA574A-062B-4FC7-BC37-C235845DBABF}"
EndProject
Global
	GlobalSection(SolutionConfigurationPlatforms) = preSolution
		Debug|Any CPU = Debug|Any CPU
		Release|Any CPU = Release|Any CPU
	EndGlobalSection
	GlobalSection(ProjectConfigurationPlatforms) = postSolution
		{2CEA574A-062B-4FC7-BC37-C235845DBABF}.Debug|Any CPU.ActiveCfg = Debug|Any CPU
		{2CEA574A-062B-4FC7-BC37-C235845DBABF}.Debug|Any CPU.Build.0 = Debug|Any CPU
		{2CEA574A-062B-4FC7-BC37-C235845DBABF}.Release|Any CPU.ActiveCfg = Release|Any CPU
		{2CEA574A-062B-4FC7-BC37-C235845DBABF}.Release|Any CPU.Build.0 = Release|Any CPU
	EndGlobalSection
	GlobalSection(SolutionProperties) = preSolution
		HideSolutionNode = FALSE
	EndGlobalSection
EndGlobal
